
Microsoft Visual Studio Solution File, Format Version 12.00
# Visual Studio Version 16
VisualStudioVersion = 16.0.30413.136
MinimumVisualStudioVersion = 10.0.40219.1
Project("{FAE04EC0-301F-11D3-BF4B-00C04F79EFBC}") = "WindowsFormsApp1", "WindowsFormsApp1\WindowsFormsApp1.csproj", "{C3E006B5-A2E6-4C57-AE2B-E9B39948E1EF}"
EndProject
Project("{54435603-DBB4-11D2-8724-00A0C9A8B90C}") = "Setup", "Setup\Setup.vdproj", "{5BF10EB1-A03D-45A1-BD7B-EEDB3B9C7808}"
EndProject
Global
	GlobalSection(SolutionConfigurationPlatforms) = preSolution
		Debug|Any CPU = Debug|Any CPU
		Release|Any CPU = Release|Any CPU
	EndGlobalSection
	GlobalSection(ProjectConfigurationPlatforms) = postSolution
		{C3E006B5-A2E6-4C57-AE2B-E9B39948E1EF}.Debug|Any CPU.ActiveCfg = Debug|Any CPU
		{C3E006B5-A2E6-4C57-AE2B-E9B39948E1EF}.Debug|Any CPU.Build.0 = Debug|Any CPU
		{C3E006B5-A2E6-4C57-AE2B-E9B39948E1EF}.Release|Any CPU.ActiveCfg = Release|Any CPU
		{C3E006B5-A2E6-4C57-AE2B-E9B39948E1EF}.Release|Any CPU.Build.0 = Release|Any CPU
		{5BF10EB1-A03D-45A1-BD7B-EEDB3B9C7808}.Debug|Any CPU.ActiveCfg = Debug
		{5BF10EB1-A03D-45A1-BD7B-EEDB3B9C7808}.Release|Any CPU.ActiveCfg = Release
	EndGlobalSection
	GlobalSection(SolutionProperties) = preSolution
		HideSolutionNode = FALSE
	EndGlobalSection
	GlobalSection(ExtensibilityGlobals) = postSolution
		SolutionGuid = {A7B51A38-D67F-496F-B784-8B32B1469C2B}
	EndGlobalSection
EndGlobal
